
Microsoft Visual Studio Solution File, Format Version 12.00
# Visual Studio Version 17
VisualStudioVersion = 17.11.35222.181
MinimumVisualStudioVersion = 10.0.40219.1
Project("{FAE04EC0-301F-11D3-BF4B-00C04F79EFBC}") = "TemperatureConverterLesson", "TemperatureConverterLesson.csproj", "{1D9D1DB9-7F37-4AA4-A95E-D49890232455}"
EndProject
Global
	GlobalSection(SolutionConfigurationPlatforms) = preSolution
		Debug|Any CPU = Debug|Any CPU
		Release|Any CPU = Release|Any CPU
	EndGlobalSection
	GlobalSection(ProjectConfigurationPlatforms) = postSolution
		{1D9D1DB9-7F37-4AA4-A95E-D49890232455}.Debug|Any CPU.ActiveCfg = Debug|Any CPU
		{1D9D1DB9-7F37-4AA4-A95E-D49890232455}.Debug|Any CPU.Build.0 = Debug|Any CPU
		{1D9D1DB9-7F37-4AA4-A95E-D49890232455}.Release|Any CPU.ActiveCfg = Release|Any CPU
		{1D9D1DB9-7F37-4AA4-A95E-D49890232455}.Release|Any CPU.Build.0 = Release|Any CPU
	EndGlobalSection
	GlobalSection(SolutionProperties) = preSolution
		HideSolutionNode = FALSE
	EndGlobalSection
	GlobalSection(ExtensibilityGlobals) = postSolution
		SolutionGuid = {8DEC3757-0BC1-49BD-B638-28065CCB8BB3}
	EndGlobalSection
EndGlobal
